
Microsoft Visual Studio Solution File, Format Version 12.00
# Visual Studio Version 17
VisualStudioVersion = 17.12.35521.163
MinimumVisualStudioVersion = 10.0.40219.1
Project("{FAE04EC0-301F-11D3-BF4B-00C04F79EFBC}") = "Producer", "Producer\Producer.csproj", "{868C3664-7253-4F7E-8FF9-52F978B0E622}"
EndProject
Project("{FAE04EC0-301F-11D3-BF4B-00C04F79EFBC}") = "Consumer", "Consumer\Consumer.csproj", "{0E032389-2367-4A9D-A9F1-4824F5CEDDBC}"
EndProject
Global
	GlobalSection(SolutionConfigurationPlatforms) = preSolution
		Debug|Any CPU = Debug|Any CPU
		Release|Any CPU = Release|Any CPU
	EndGlobalSection
	GlobalSection(ProjectConfigurationPlatforms) = postSolution
		{868C3664-7253-4F7E-8FF9-52F978B0E622}.Debug|Any CPU.ActiveCfg = Debug|Any CPU
		{868C3664-7253-4F7E-8FF9-52F978B0E622}.Debug|Any CPU.Build.0 = Debug|Any CPU
		{868C3664-7253-4F7E-8FF9-52F978B0E622}.Release|Any CPU.ActiveCfg = Release|Any CPU
		{868C3664-7253-4F7E-8FF9-52F978B0E622}.Release|Any CPU.Build.0 = Release|Any CPU
		{0E032389-2367-4A9D-A9F1-4824F5CEDDBC}.Debug|Any CPU.ActiveCfg = Debug|Any CPU
		{0E032389-2367-4A9D-A9F1-4824F5CEDDBC}.Debug|Any CPU.Build.0 = Debug|Any CPU
		{0E032389-2367-4A9D-A9F1-4824F5CEDDBC}.Release|Any CPU.ActiveCfg = Release|Any CPU
		{0E032389-2367-4A9D-A9F1-4824F5CEDDBC}.Release|Any CPU.Build.0 = Release|Any CPU
	EndGlobalSection
	GlobalSection(SolutionProperties) = preSolution
		HideSolutionNode = FALSE
	EndGlobalSection
EndGlobal
